
Microsoft Visual Studio Solution File, Format Version 12.00
# Visual Studio 15
VisualStudioVersion = 15.0.26730.12
MinimumVisualStudioVersion = 10.0.40219.1
Project("{FAE04EC0-301F-11D3-BF4B-00C04F79EFBC}") = "Resources", "Resources\Resources.csproj", "{C3A52E4E-E251-4410-A577-5E2711B8DFAD}"
EndProject
Project("{FAE04EC0-301F-11D3-BF4B-00C04F79EFBC}") = "Vector2D", "Vector2D\Vector2D.csproj", "{E4B70904-6882-4FB6-AB95-0B3948725AAA}"
EndProject
Global
	GlobalSection(SolutionConfigurationPlatforms) = preSolution
		Debug|Any CPU = Debug|Any CPU
		Release|Any CPU = Release|Any CPU
	EndGlobalSection
	GlobalSection(ProjectConfigurationPlatforms) = postSolution
		{C3A52E4E-E251-4410-A577-5E2711B8DFAD}.Debug|Any CPU.ActiveCfg = Debug|Any CPU
		{C3A52E4E-E251-4410-A577-5E2711B8DFAD}.Debug|Any CPU.Build.0 = Debug|Any CPU
		{C3A52E4E-E251-4410-A577-5E2711B8DFAD}.Release|Any CPU.ActiveCfg = Release|Any CPU
		{C3A52E4E-E251-4410-A577-5E2711B8DFAD}.Release|Any CPU.Build.0 = Release|Any CPU
		{E4B70904-6882-4FB6-AB95-0B3948725AAA}.Debug|Any CPU.ActiveCfg = Debug|Any CPU
		{E4B70904-6882-4FB6-AB95-0B3948725AAA}.Debug|Any CPU.Build.0 = Debug|Any CPU
		{E4B70904-6882-4FB6-AB95-0B3948725AAA}.Release|Any CPU.ActiveCfg = Release|Any CPU
		{E4B70904-6882-4FB6-AB95-0B3948725AAA}.Release|Any CPU.Build.0 = Release|Any CPU
	EndGlobalSection
	GlobalSection(SolutionProperties) = preSolution
		HideSolutionNode = FALSE
	EndGlobalSection
	GlobalSection(ExtensibilityGlobals) = postSolution
		SolutionGuid = {23EB2D8F-D831-4231-8105-4EA03FF63493}
	EndGlobalSection
EndGlobal
